
Microsoft Visual Studio Solution File, Format Version 12.00
# Visual Studio Version 17
VisualStudioVersion = 17.3.32901.215
MinimumVisualStudioVersion = 10.0.40219.1
Project("{FAE04EC0-301F-11D3-BF4B-00C04F79EFBC}") = "212410101021_Asyam_Operasi_CRUD", "212410101021_Asyam_Operasi_CRUD\212410101021_Asyam_Operasi_CRUD.csproj", "{4A932A83-311C-42AF-9882-82AAEBB01850}"
EndProject
Global
	GlobalSection(SolutionConfigurationPlatforms) = preSolution
		Debug|Any CPU = Debug|Any CPU
		Release|Any CPU = Release|Any CPU
	EndGlobalSection
	GlobalSection(ProjectConfigurationPlatforms) = postSolution
		{4A932A83-311C-42AF-9882-82AAEBB01850}.Debug|Any CPU.ActiveCfg = Debug|Any CPU
		{4A932A83-311C-42AF-9882-82AAEBB01850}.Debug|Any CPU.Build.0 = Debug|Any CPU
		{4A932A83-311C-42AF-9882-82AAEBB01850}.Release|Any CPU.ActiveCfg = Release|Any CPU
		{4A932A83-311C-42AF-9882-82AAEBB01850}.Release|Any CPU.Build.0 = Release|Any CPU
	EndGlobalSection
	GlobalSection(SolutionProperties) = preSolution
		HideSolutionNode = FALSE
	EndGlobalSection
	GlobalSection(ExtensibilityGlobals) = postSolution
		SolutionGuid = {C308671D-A235-4FE9-9057-9ADCA6769197}
	EndGlobalSection
EndGlobal
